
Microsoft Visual Studio Solution File, Format Version 12.00
# Visual Studio Version 17
VisualStudioVersion = 17.3.32929.385
MinimumVisualStudioVersion = 10.0.40219.1
Project("{FAE04EC0-301F-11D3-BF4B-00C04F79EFBC}") = "ConsoleApp1", "ConsoleApp1\ConsoleApp1.csproj", "{27782549-6991-4873-9A5D-99E965910A45}"
EndProject
Global
	GlobalSection(SolutionConfigurationPlatforms) = preSolution
		Debug|Any CPU = Debug|Any CPU
		Release|Any CPU = Release|Any CPU
	EndGlobalSection
	GlobalSection(ProjectConfigurationPlatforms) = postSolution
		{27782549-6991-4873-9A5D-99E965910A45}.Debug|Any CPU.ActiveCfg = Debug|Any CPU
		{27782549-6991-4873-9A5D-99E965910A45}.Debug|Any CPU.Build.0 = Debug|Any CPU
		{27782549-6991-4873-9A5D-99E965910A45}.Release|Any CPU.ActiveCfg = Release|Any CPU
		{27782549-6991-4873-9A5D-99E965910A45}.Release|Any CPU.Build.0 = Release|Any CPU
	EndGlobalSection
	GlobalSection(SolutionProperties) = preSolution
		HideSolutionNode = FALSE
	EndGlobalSection
	GlobalSection(ExtensibilityGlobals) = postSolution
		SolutionGuid = {DC40AA93-CB12-4C2C-B6E9-F42338A2D2F0}
	EndGlobalSection
EndGlobal
